{
  "name": "magicmirror",
  "version": "2.16.0",
  "lockfileVersion": 3,
  "requires": true,
  "packages": {
    "": {
      "name": "magicmirror",
      "version": "2.16.0",
      "license": "MIT",
      "dependencies": {
        "@google/generative-ai": "^0.12.0",
        "moment": "^2.30.1"
      }
    },
    "node_modules/@google/generative-ai": {
      "version": "0.12.0",
      "resolved": "https://registry.npmjs.org/@google/generative-ai/-/generative-ai-0.12.0.tgz",
      "integrity": "sha512-krWjurjEUHSFhCX4lGHMOhbnpBfYZGU31mpHpPBQwcfWm0T+/+wxC4UCAJfkxxc3/HvGJVG8r4AqrffaeDHDlA==",
      "engines": {
        "node": ">=18.0.0"
      }
    },
    "node_modules/moment": {
      "version": "2.30.1",
      "resolved": "https://registry.npmjs.org/moment/-/moment-2.30.1.tgz",
      "integrity": "sha512-uEmtNhbDOrWPFS+hdjFCBfy9f2YoyzRpwcl+DqpC6taX21FzsTLQVbMV/W7PzNSX6x/bhC1zA3c2UQ5NzH6how==",
      "engines": {
        "node": "*"
      }
    }
  }
}
